
Microsoft Visual Studio Solution File, Format Version 12.00
# Visual Studio Version 16
VisualStudioVersion = 16.0.31402.337
MinimumVisualStudioVersion = 10.0.40219.1
Project("{FAE04EC0-301F-11D3-BF4B-00C04F79EFBC}") = "PrintPaint.Shared", "PrintPaint.Shared\PrintPaint.Shared.csproj", "{96537705-3CFF-4D8D-9038-83C7307C2688}"
EndProject
Project("{FAE04EC0-301F-11D3-BF4B-00C04F79EFBC}") = "PrintPaint.Entities", "PrintPaint.Entities\PrintPaint.Entities.csproj", "{64B0F36B-7812-4C3A-AD09-6ED6A9F63C4C}"
EndProject
Project("{FAE04EC0-301F-11D3-BF4B-00C04F79EFBC}") = "PrintPaint.Data", "PrintPaint.Data\PrintPaint.Data.csproj", "{9B2FF38A-D277-4715-9A16-323C7785D5F8}"
EndProject
Project("{FAE04EC0-301F-11D3-BF4B-00C04F79EFBC}") = "PrintPaint.Services", "PrintPaint.Services\PrintPaint.Services.csproj", "{18B66F7D-80F4-43E2-ADD4-055B26F13BBE}"
EndProject
Project("{FAE04EC0-301F-11D3-BF4B-00C04F79EFBC}") = "PrintPaint.API", "PrintPaint.API\PrintPaint.API.csproj", "{A55C1E3D-44C8-4890-A884-8246C572DD74}"
EndProject
Global
	GlobalSection(SolutionConfigurationPlatforms) = preSolution
		Debug|Any CPU = Debug|Any CPU
		Release|Any CPU = Release|Any CPU
	EndGlobalSection
	GlobalSection(ProjectConfigurationPlatforms) = postSolution
		{96537705-3CFF-4D8D-9038-83C7307C2688}.Debug|Any CPU.ActiveCfg = Debug|Any CPU
		{96537705-3CFF-4D8D-9038-83C7307C2688}.Debug|Any CPU.Build.0 = Debug|Any CPU
		{96537705-3CFF-4D8D-9038-83C7307C2688}.Release|Any CPU.ActiveCfg = Release|Any CPU
		{96537705-3CFF-4D8D-9038-83C7307C2688}.Release|Any CPU.Build.0 = Release|Any CPU
		{64B0F36B-7812-4C3A-AD09-6ED6A9F63C4C}.Debug|Any CPU.ActiveCfg = Debug|Any CPU
		{64B0F36B-7812-4C3A-AD09-6ED6A9F63C4C}.Debug|Any CPU.Build.0 = Debug|Any CPU
		{64B0F36B-7812-4C3A-AD09-6ED6A9F63C4C}.Release|Any CPU.ActiveCfg = Release|Any CPU
		{64B0F36B-7812-4C3A-AD09-6ED6A9F63C4C}.Release|Any CPU.Build.0 = Release|Any CPU
		{9B2FF38A-D277-4715-9A16-323C7785D5F8}.Debug|Any CPU.ActiveCfg = Debug|Any CPU
		{9B2FF38A-D277-4715-9A16-323C7785D5F8}.Debug|Any CPU.Build.0 = Debug|Any CPU
		{9B2FF38A-D277-4715-9A16-323C7785D5F8}.Release|Any CPU.ActiveCfg = Release|Any CPU
		{9B2FF38A-D277-4715-9A16-323C7785D5F8}.Release|Any CPU.Build.0 = Release|Any CPU
		{18B66F7D-80F4-43E2-ADD4-055B26F13BBE}.Debug|Any CPU.ActiveCfg = Debug|Any CPU
		{18B66F7D-80F4-43E2-ADD4-055B26F13BBE}.Debug|Any CPU.Build.0 = Debug|Any CPU
		{18B66F7D-80F4-43E2-ADD4-055B26F13BBE}.Release|Any CPU.ActiveCfg = Release|Any CPU
		{18B66F7D-80F4-43E2-ADD4-055B26F13BBE}.Release|Any CPU.Build.0 = Release|Any CPU
		{A55C1E3D-44C8-4890-A884-8246C572DD74}.Debug|Any CPU.ActiveCfg = Debug|Any CPU
		{A55C1E3D-44C8-4890-A884-8246C572DD74}.Debug|Any CPU.Build.0 = Debug|Any CPU
		{A55C1E3D-44C8-4890-A884-8246C572DD74}.Release|Any CPU.ActiveCfg = Release|Any CPU
		{A55C1E3D-44C8-4890-A884-8246C572DD74}.Release|Any CPU.Build.0 = Release|Any CPU
	EndGlobalSection
	GlobalSection(SolutionProperties) = preSolution
		HideSolutionNode = FALSE
	EndGlobalSection
	GlobalSection(ExtensibilityGlobals) = postSolution
		SolutionGuid = {059CF625-DB5A-4A68-86F9-BF7982CDF87A}
	EndGlobalSection
EndGlobal
